
Microsoft Visual Studio Solution File, Format Version 12.00
# Visual Studio Version 17
VisualStudioVersion = 17.0.31903.59
MinimumVisualStudioVersion = 10.0.40219.1
Project("{FAE04EC0-301F-11D3-BF4B-00C04F79EFBC}") = "API", "API\API.csproj", "{BFEB0A76-8C65-47C2-A35A-E75CE86B08A1}"
EndProject
Project("{FAE04EC0-301F-11D3-BF4B-00C04F79EFBC}") = "Core", "Core\Core.csproj", "{55754CF4-B21B-4253-9132-A39268346F1B}"
EndProject
Project("{FAE04EC0-301F-11D3-BF4B-00C04F79EFBC}") = "Infrastructure", "Infrastructure\Infrastructure.csproj", "{FD0651DE-DB70-473E-A2C9-FBA301E8BC66}"
EndProject
Global
	GlobalSection(SolutionConfigurationPlatforms) = preSolution
		Debug|Any CPU = Debug|Any CPU
		Release|Any CPU = Release|Any CPU
	EndGlobalSection
	GlobalSection(SolutionProperties) = preSolution
		HideSolutionNode = FALSE
	EndGlobalSection
	GlobalSection(ProjectConfigurationPlatforms) = postSolution
		{BFEB0A76-8C65-47C2-A35A-E75CE86B08A1}.Debug|Any CPU.ActiveCfg = Debug|Any CPU
		{BFEB0A76-8C65-47C2-A35A-E75CE86B08A1}.Debug|Any CPU.Build.0 = Debug|Any CPU
		{BFEB0A76-8C65-47C2-A35A-E75CE86B08A1}.Release|Any CPU.ActiveCfg = Release|Any CPU
		{BFEB0A76-8C65-47C2-A35A-E75CE86B08A1}.Release|Any CPU.Build.0 = Release|Any CPU
		{55754CF4-B21B-4253-9132-A39268346F1B}.Debug|Any CPU.ActiveCfg = Debug|Any CPU
		{55754CF4-B21B-4253-9132-A39268346F1B}.Debug|Any CPU.Build.0 = Debug|Any CPU
		{55754CF4-B21B-4253-9132-A39268346F1B}.Release|Any CPU.ActiveCfg = Release|Any CPU
		{55754CF4-B21B-4253-9132-A39268346F1B}.Release|Any CPU.Build.0 = Release|Any CPU
		{FD0651DE-DB70-473E-A2C9-FBA301E8BC66}.Debug|Any CPU.ActiveCfg = Debug|Any CPU
		{FD0651DE-DB70-473E-A2C9-FBA301E8BC66}.Debug|Any CPU.Build.0 = Debug|Any CPU
		{FD0651DE-DB70-473E-A2C9-FBA301E8BC66}.Release|Any CPU.ActiveCfg = Release|Any CPU
		{FD0651DE-DB70-473E-A2C9-FBA301E8BC66}.Release|Any CPU.Build.0 = Release|Any CPU
	EndGlobalSection
EndGlobal
